
Microsoft Visual Studio Solution File, Format Version 12.00
# Visual Studio Version 16
VisualStudioVersion = 16.0.29613.14
MinimumVisualStudioVersion = 10.0.40219.1
Project("{FAE04EC0-301F-11D3-BF4B-00C04F79EFBC}") = "WakeSharp", "WakeSharp\WakeSharp.csproj", "{7138CD5D-1050-48BE-9A99-27C5C6EA1FA1}"
EndProject
Project("{FAE04EC0-301F-11D3-BF4B-00C04F79EFBC}") = "WakeSharp.Tests", "WakeSharp.Tests\WakeSharp.Tests.csproj", "{66AA9E35-E6F7-43EA-AAF3-8CF997189855}"
EndProject
Global
	GlobalSection(SolutionConfigurationPlatforms) = preSolution
		Debug|Any CPU = Debug|Any CPU
		Release|Any CPU = Release|Any CPU
	EndGlobalSection
	GlobalSection(ProjectConfigurationPlatforms) = postSolution
		{7138CD5D-1050-48BE-9A99-27C5C6EA1FA1}.Debug|Any CPU.ActiveCfg = Debug|Any CPU
		{7138CD5D-1050-48BE-9A99-27C5C6EA1FA1}.Debug|Any CPU.Build.0 = Debug|Any CPU
		{7138CD5D-1050-48BE-9A99-27C5C6EA1FA1}.Release|Any CPU.ActiveCfg = Release|Any CPU
		{7138CD5D-1050-48BE-9A99-27C5C6EA1FA1}.Release|Any CPU.Build.0 = Release|Any CPU
		{66AA9E35-E6F7-43EA-AAF3-8CF997189855}.Debug|Any CPU.ActiveCfg = Debug|Any CPU
		{66AA9E35-E6F7-43EA-AAF3-8CF997189855}.Debug|Any CPU.Build.0 = Debug|Any CPU
		{66AA9E35-E6F7-43EA-AAF3-8CF997189855}.Release|Any CPU.ActiveCfg = Release|Any CPU
		{66AA9E35-E6F7-43EA-AAF3-8CF997189855}.Release|Any CPU.Build.0 = Release|Any CPU
	EndGlobalSection
	GlobalSection(SolutionProperties) = preSolution
		HideSolutionNode = FALSE
	EndGlobalSection
	GlobalSection(ExtensibilityGlobals) = postSolution
		SolutionGuid = {D81FB8FD-9167-4186-B482-FB979813B21B}
	EndGlobalSection
EndGlobal
